dependencies:
- name: rabbitmq
  repository: https://charts.bitnami.com/bitnami
  version: 8.32.2
- name: postgresql-ha
  repository: https://charts.bitnami.com/bitnami
  version: 8.2.9
- name: airflow
  repository: https://airflow.apache.org
  version: 1.6.0
digest: sha256:b30435120ee25d647645ed06d876171e22fcda87a6f3bdbacbd6079c0a387548
generated: "2022-08-31T06:18:32.704439197-07:00"
